{
  "name": "uniwebview-docs",
  "version": "1.0.0",
  "lockfileVersion": 1,
  "requires": true,
  "dependencies": {
    "buffer-from": {
      "version": "1.0.0",
      "resolved": "https://registry.npmjs.org/buffer-from/-/buffer-from-1.0.0.tgz",
      "integrity": "sha512-83apNb8KK0Se60UE1+4Ukbe3HbfELJ6UlI4ldtOGs7So4KD26orJM8hIY9lxdzP+UpItH1Yh/Y8GUvNFWFFRxA=="
    },
    "clipboard": {
      "version": "2.0.0",
      "resolved": "https://registry.npmjs.org/clipboard/-/clipboard-2.0.0.tgz",
      "integrity": "sha512-gXzHBlzEVqCk2b8Wpkil89S0WSMAX7eZho2zANX+EEEa9LMutGe9ICU+wHRzsH7cCHaCbUzj900P+AXOM0FE3A==",
      "optional": true,
      "requires": {
        "good-listener": "1.2.2",
        "select": "1.1.2",
        "tiny-emitter": "2.0.2"
      }
    },
    "color-convert": {
      "version": "1.9.1",
      "resolved": "https://registry.npmjs.org/color-convert/-/color-convert-1.9.1.tgz",
      "integrity": "sha512-mjGanIiwQJskCC18rPR6OmrZ6fm2Lc7PeGFYwCmy5J34wC6F1PzdGL6xeMfmgicfYcNLGuVFA3WzXtIDCQSZxQ==",
      "requires": {
        "color-name": "1.1.3"
      }
    },
    "color-name": {
      "version": "1.1.3",
      "resolved": "https://registry.npmjs.org/color-name/-/color-name-1.1.3.tgz",
      "integrity": "sha1-p9BVi9icQveV3UIyj3QIMcpTvCU="
    },
    "colors": {
      "version": "1.2.1",
      "resolved": "https://registry.npmjs.org/colors/-/colors-1.2.1.tgz",
      "integrity": "sha512-s8+wktIuDSLffCywiwSxQOMqtPxML11a/dtHE17tMn4B1MSWw/C22EKf7M2KGUBcDaVFEGT+S8N02geDXeuNKg=="
    },
    "concat-stream": {
      "version": "1.6.2",
      "resolved": "https://registry.npmjs.org/concat-stream/-/concat-stream-1.6.2.tgz",
      "integrity": "sha512-27HBghJxjiZtIk3Ycvn/4kbJk/1uZuJFfuPEns6LaEvpvG1f0hTea8lilrouyo9mVc2GWdcEZ8OLoGmSADlrCw==",
      "requires": {
        "buffer-from": "1.0.0",
        "inherits": "2.0.3",
        "readable-stream": "2.3.6",
        "typedarray": "0.0.6"
      },
      "dependencies": {
        "core-util-is": {
          "version": "1.0.2",
          "resolved": "https://registry.npmjs.org/core-util-is/-/core-util-is-1.0.2.tgz",
          "integrity": "sha1-tf1UIgqivFq1eqtxQMlAdUUDwac="
        },
        "inherits": {
          "version": "2.0.3",
          "resolved": "https://registry.npmjs.org/inherits/-/inherits-2.0.3.tgz",
          "integrity": "sha1-Yzwsg+PaQqUC9SRmAiSA9CCCYd4="
        },
        "isarray": {
          "version": "1.0.0",
          "resolved": "https://registry.npmjs.org/isarray/-/isarray-1.0.0.tgz",
          "integrity": "sha1-u5NdSFgsuhaMBoNJV6VKPgcSTxE="
        },
        "process-nextick-args": {
          "version": "2.0.0",
          "resolved": "https://registry.npmjs.org/process-nextick-args/-/process-nextick-args-2.0.0.tgz",
          "integrity": "sha512-MtEC1TqN0EU5nephaJ4rAtThHtC86dNN9qCuEhtshvpVBkAW5ZO7BASN9REnF9eoXGcRub+pFuKEpOHE+HbEMw=="
        },
        "readable-stream": {
          "version": "2.3.6",
          "resolved": "https://registry.npmjs.org/readable-stream/-/readable-stream-2.3.6.tgz",
          "integrity": "sha512-tQtKA9WIAhBF3+VLAseyMqZeBjW0AHJoxOtYqSUZNJxauErmLbVm2FW1y+J/YA9dUrAC39ITejlZWhVIwawkKw==",
          "requires": {
            "core-util-is": "1.0.2",
            "inherits": "2.0.3",
            "isarray": "1.0.0",
            "process-nextick-args": "2.0.0",
            "safe-buffer": "5.1.1",
            "string_decoder": "1.1.1",
            "util-deprecate": "1.0.2"
          }
        },
        "safe-buffer": {
          "version": "5.1.1",
          "resolved": "https://registry.npmjs.org/safe-buffer/-/safe-buffer-5.1.1.tgz",
          "integrity": "sha512-kKvNJn6Mm93gAczWVJg7wH+wGYWNrDHdWvpUmHyEsgCtIwwo3bqPtV4tR5tuPaUhTOo/kvhVwd8XwwOllGYkbg=="
        },
        "string_decoder": {
          "version": "1.1.1",
          "resolved": "https://registry.npmjs.org/string_decoder/-/string_decoder-1.1.1.tgz",
          "integrity": "sha512-n/ShnvDi6FHbbVfviro+WojiFzv+s8MPMHBczVePfUpDJLwoLT0ht1l4YwBCbi8pJAveEEdnkHyPyTP/mzRfwg==",
          "requires": {
            "safe-buffer": "5.1.1"
          }
        },
        "typedarray": {
          "version": "0.0.6",
          "resolved": "https://registry.npmjs.org/typedarray/-/typedarray-0.0.6.tgz",
          "integrity": "sha1-hnrHTjhkGHsdPUfZlqeOxciDB3c="
        },
        "util-deprecate": {
          "version": "1.0.2",
          "resolved": "https://registry.npmjs.org/util-deprecate/-/util-deprecate-1.0.2.tgz",
          "integrity": "sha1-RQ1Nyfpw3nMnYvvS1KKJgUGaDM8="
        }
      }
    },
    "cross-spawn": {
      "version": "5.1.0",
      "resolved": "https://registry.npmjs.org/cross-spawn/-/cross-spawn-5.1.0.tgz",
      "integrity": "sha1-6L0O/uWPz/b4+UUQoKVUu/ojVEk=",
      "requires": {
        "lru-cache": "4.1.2",
        "shebang-command": "1.2.0",
        "which": "1.3.0"
      }
    },
    "delegate": {
      "version": "3.2.0",
      "resolved": "https://registry.npmjs.org/delegate/-/delegate-3.2.0.tgz",
      "integrity": "sha512-IofjkYBZaZivn0V8nnsMJGBr4jVLxHDheKSW88PyxS5QC4Vo9ZbZVvhzlSxY87fVq3STR6r+4cGepyHkcWOQSw==",
      "optional": true
    },
    "escape-html": {
      "version": "1.0.3",
      "resolved": "https://registry.npmjs.org/escape-html/-/escape-html-1.0.3.tgz",
      "integrity": "sha1-Aljq5NPQwJdN4cFpGI7wBR0dGYg="
    },
    "execa": {
      "version": "0.7.0",
      "resolved": "https://registry.npmjs.org/execa/-/execa-0.7.0.tgz",
      "integrity": "sha1-lEvs00zEHuMqY6n68nrVpl/Fl3c=",
      "requires": {
        "cross-spawn": "5.1.0",
        "get-stream": "3.0.0",
        "is-stream": "1.1.0",
        "npm-run-path": "2.0.2",
        "p-finally": "1.0.0",
        "signal-exit": "3.0.2",
        "strip-eof": "1.0.0"
      }
    },
    "fs-extra": {
      "version": "3.0.1",
      "resolved": "https://registry.npmjs.org/fs-extra/-/fs-extra-3.0.1.tgz",
      "integrity": "sha1-N5TzeMWLNC6n27sjCVEJxLO2IpE=",
      "requires": {
        "graceful-fs": "4.1.11",
        "jsonfile": "3.0.1",
        "universalify": "0.1.1"
      },
      "dependencies": {
        "graceful-fs": {
          "version": "4.1.11",
          "resolved": "https://registry.npmjs.org/graceful-fs/-/graceful-fs-4.1.11.tgz",
          "integrity": "sha1-Dovf5NHduIVNZOBOp8AOKgJuVlg="
        },
        "jsonfile": {
          "version": "3.0.1",
          "resolved": "https://registry.npmjs.org/jsonfile/-/jsonfile-3.0.1.tgz",
          "integrity": "sha1-pezG9l9T9mLEQVx2daAzHQmS7GY=",
          "requires": {
            "graceful-fs": "4.1.11"
          }
        },
        "universalify": {
          "version": "0.1.1",
          "resolved": "https://registry.npmjs.org/universalify/-/universalify-0.1.1.tgz",
          "integrity": "sha1-+nG63UQ3r0wUiEHjs7Fl+enlkLc="
        }
      }
    },
    "get-stream": {
      "version": "3.0.0",
      "resolved": "https://registry.npmjs.org/get-stream/-/get-stream-3.0.0.tgz",
      "integrity": "sha1-jpQ9E1jcN1VQVOy+LtsFqhdO3hQ="
    },
    "good-listener": {
      "version": "1.2.2",
      "resolved": "https://registry.npmjs.org/good-listener/-/good-listener-1.2.2.tgz",
      "integrity": "sha1-1TswzfkxPf+33JoNR3CWqm0UXFA=",
      "optional": true,
      "requires": {
        "delegate": "3.2.0"
      }
    },
    "has-flag": {
      "version": "3.0.0",
      "resolved": "https://registry.npmjs.org/has-flag/-/has-flag-3.0.0.tgz",
      "integrity": "sha1-tdRU3CGZriJWmfNGfloH87lVuv0="
    },
    "is-stream": {
      "version": "1.1.0",
      "resolved": "https://registry.npmjs.org/is-stream/-/is-stream-1.1.0.tgz",
      "integrity": "sha1-EtSj3U5o4Lec6428hBc66A2RykQ="
    },
    "isexe": {
      "version": "2.0.0",
      "resolved": "https://registry.npmjs.org/isexe/-/isexe-2.0.0.tgz",
      "integrity": "sha1-6PvzdNxVb/iUehDcsFctYz8s+hA="
    },
    "locate-path": {
      "version": "2.0.0",
      "resolved": "https://registry.npmjs.org/locate-path/-/locate-path-2.0.0.tgz",
      "integrity": "sha1-K1aLJl7slExtnA3pw9u7ygNUzY4=",
      "requires": {
        "p-locate": "2.0.0",
        "path-exists": "3.0.0"
      },
      "dependencies": {
        "path-exists": {
          "version": "3.0.0",
          "resolved": "https://registry.npmjs.org/path-exists/-/path-exists-3.0.0.tgz",
          "integrity": "sha1-zg6+ql94yxiSXqfYENe1mwEP1RU="
        }
      }
    },
    "lru-cache": {
      "version": "4.1.2",
      "resolved": "https://registry.npmjs.org/lru-cache/-/lru-cache-4.1.2.tgz",
      "integrity": "sha512-wgeVXhrDwAWnIF/yZARsFnMBtdFXOg1b8RIrhilp+0iDYN4mdQcNZElDZ0e4B64BhaxeQ5zN7PMyvu7we1kPeQ==",
      "requires": {
        "pseudomap": "1.0.2",
        "yallist": "2.1.2"
      }
    },
    "marked": {
      "version": "0.3.19",
      "resolved": "https://registry.npmjs.org/marked/-/marked-0.3.19.tgz",
      "integrity": "sha512-ea2eGWOqNxPcXv8dyERdSr/6FmzvWwzjMxpfGB/sbMccXoct+xY+YukPD+QTUZwyvK7BZwcr4m21WBOW41pAkg=="
    },
    "mem": {
      "version": "1.1.0",
      "resolved": "https://registry.npmjs.org/mem/-/mem-1.1.0.tgz",
      "integrity": "sha1-Xt1StIXKHZAP5kiVUFOZoN+kX3Y=",
      "requires": {
        "mimic-fn": "1.2.0"
      }
    },
    "mimic-fn": {
      "version": "1.2.0",
      "resolved": "https://registry.npmjs.org/mimic-fn/-/mimic-fn-1.2.0.tgz",
      "integrity": "sha512-jf84uxzwiuiIVKiOLpfYk7N46TSy8ubTonmneY9vrpHNAnp0QBt2BxWV9dO3/j+BoVAb+a5G6YDPW3M5HOdMWQ=="
    },
    "node-prismjs": {
      "version": "0.1.1",
      "resolved": "https://registry.npmjs.org/node-prismjs/-/node-prismjs-0.1.1.tgz",
      "integrity": "sha512-7TrcjtiF9XFemrdZ9sMliEkOx4IzRWspZGu938YF+9crjfxwaLhlbRpY9ulvxfVJr6ZrEuZ/HvN/uz5LJvSafQ==",
      "requires": {
        "prismjs": "1.6.0"
      },
      "dependencies": {
        "clipboard": {
          "version": "1.7.1",
          "resolved": "https://registry.npmjs.org/clipboard/-/clipboard-1.7.1.tgz",
          "integrity": "sha1-Ng1taUbpmnof7zleQrqStem1oWs=",
          "optional": true,
          "requires": {
            "good-listener": "1.2.2",
            "select": "1.1.2",
            "tiny-emitter": "2.0.2"
          }
        },
        "delegate": {
          "version": "3.2.0",
          "resolved": "https://registry.npmjs.org/delegate/-/delegate-3.2.0.tgz",
          "integrity": "sha512-IofjkYBZaZivn0V8nnsMJGBr4jVLxHDheKSW88PyxS5QC4Vo9ZbZVvhzlSxY87fVq3STR6r+4cGepyHkcWOQSw==",
          "optional": true
        },
        "good-listener": {
          "version": "1.2.2",
          "resolved": "https://registry.npmjs.org/good-listener/-/good-listener-1.2.2.tgz",
          "integrity": "sha1-1TswzfkxPf+33JoNR3CWqm0UXFA=",
          "optional": true,
          "requires": {
            "delegate": "3.2.0"
          }
        },
        "prismjs": {
          "version": "1.6.0",
          "resolved": "https://registry.npmjs.org/prismjs/-/prismjs-1.6.0.tgz",
          "integrity": "sha1-EY2V+3pm26InLjQ7NF9SNmWds2U=",
          "requires": {
            "clipboard": "1.7.1"
          }
        },
        "select": {
          "version": "1.1.2",
          "resolved": "https://registry.npmjs.org/select/-/select-1.1.2.tgz",
          "integrity": "sha1-DnNQrN7ICxEIUoeG7B1EGNEbOW0=",
          "optional": true
        },
        "tiny-emitter": {
          "version": "2.0.2",
          "resolved": "https://registry.npmjs.org/tiny-emitter/-/tiny-emitter-2.0.2.tgz",
          "integrity": "sha512-2NM0auVBGft5tee/OxP4PI3d8WItkDM+fPnaRAVo6xTDI2knbz9eC5ArWGqtGlYqiH3RU5yMpdyTTO7MguC4ow==",
          "optional": true
        }
      }
    },
    "npm-run-path": {
      "version": "2.0.2",
      "resolved": "https://registry.npmjs.org/npm-run-path/-/npm-run-path-2.0.2.tgz",
      "integrity": "sha1-NakjLfo11wZ7TLLd8jV7GHFTbF8=",
      "requires": {
        "path-key": "2.0.1"
      }
    },
    "p-finally": {
      "version": "1.0.0",
      "resolved": "https://registry.npmjs.org/p-finally/-/p-finally-1.0.0.tgz",
      "integrity": "sha1-P7z7FbiZpEEjs0ttzBi3JDNqLK4="
    },
    "p-limit": {
      "version": "1.2.0",
      "resolved": "https://registry.npmjs.org/p-limit/-/p-limit-1.2.0.tgz",
      "integrity": "sha512-Y/OtIaXtUPr4/YpMv1pCL5L5ed0rumAaAeBSj12F+bSlMdys7i8oQF/GUJmfpTS/QoaRrS/k6pma29haJpsMng==",
      "requires": {
        "p-try": "1.0.0"
      }
    },
    "p-locate": {
      "version": "2.0.0",
      "resolved": "https://registry.npmjs.org/p-locate/-/p-locate-2.0.0.tgz",
      "integrity": "sha1-IKAQOyIqcMj9OcwuWAaA893l7EM=",
      "requires": {
        "p-limit": "1.2.0"
      }
    },
    "p-try": {
      "version": "1.0.0",
      "resolved": "https://registry.npmjs.org/p-try/-/p-try-1.0.0.tgz",
      "integrity": "sha1-y8ec26+P1CKOE/Yh8rGiN8GyB7M="
    },
    "path-key": {
      "version": "2.0.1",
      "resolved": "https://registry.npmjs.org/path-key/-/path-key-2.0.1.tgz",
      "integrity": "sha1-QRyttXTFoUDTpLGRDUDYDMn0C0A="
    },
    "prismjs": {
      "version": "1.14.0",
      "resolved": "https://registry.npmjs.org/prismjs/-/prismjs-1.14.0.tgz",
      "integrity": "sha512-sa2s4m60bXs+kU3jcuUwx3ZCrUH7o0kuqnOOINbODqlRrDB7KY8SRx+xR/D7nHLlgfDdG7zXbRO8wJ+su5Ls0A==",
      "requires": {
        "clipboard": "2.0.0"
      }
    },
    "pseudomap": {
      "version": "1.0.2",
      "resolved": "https://registry.npmjs.org/pseudomap/-/pseudomap-1.0.2.tgz",
      "integrity": "sha1-8FKijacOYYkX7wqKw0wa5aaChrM="
    },
    "pygmentize-bundled": {
      "version": "2.3.0",
      "resolved": "https://registry.npmjs.org/pygmentize-bundled/-/pygmentize-bundled-2.3.0.tgz",
      "integrity": "sha1-1CXe2o0TaXW5M+3jYxNfYjNQgUo=",
      "requires": {
        "bl": "0.4.2",
        "through2": "0.2.3"
      },
      "dependencies": {
        "bl": {
          "version": "0.4.2",
          "resolved": "https://registry.npmjs.org/bl/-/bl-0.4.2.tgz",
          "integrity": "sha1-XbMdcvA4xU5orcOVeBJf47Ct3JY=",
          "requires": {
            "readable-stream": "1.0.34"
          }
        },
        "core-util-is": {
          "version": "1.0.2",
          "resolved": "https://registry.npmjs.org/core-util-is/-/core-util-is-1.0.2.tgz",
          "integrity": "sha1-tf1UIgqivFq1eqtxQMlAdUUDwac="
        },
        "inherits": {
          "version": "2.0.3",
          "resolved": "https://registry.npmjs.org/inherits/-/inherits-2.0.3.tgz",
          "integrity": "sha1-Yzwsg+PaQqUC9SRmAiSA9CCCYd4="
        },
        "isarray": {
          "version": "0.0.1",
          "resolved": "https://registry.npmjs.org/isarray/-/isarray-0.0.1.tgz",
          "integrity": "sha1-ihis/Kmo9Bd+Cav8YDiTmwXR7t8="
        },
        "object-keys": {
          "version": "0.4.0",
          "resolved": "https://registry.npmjs.org/object-keys/-/object-keys-0.4.0.tgz",
          "integrity": "sha1-KKaq50KN0sOpLz2V8hM13SBOAzY="
        },
        "readable-stream": {
          "version": "1.0.34",
          "resolved": "https://registry.npmjs.org/readable-stream/-/readable-stream-1.0.34.tgz",
          "integrity": "sha1-Elgg40vIQtLyqq+v5MKRbuMsFXw=",
          "requires": {
            "core-util-is": "1.0.2",
            "inherits": "2.0.3",
            "isarray": "0.0.1",
            "string_decoder": "0.10.31"
          }
        },
        "string_decoder": {
          "version": "0.10.31",
          "resolved": "https://registry.npmjs.org/string_decoder/-/string_decoder-0.10.31.tgz",
          "integrity": "sha1-YuIDvEF2bGwoyfyEMB2rHFMQ+pQ="
        },
        "through2": {
          "version": "0.2.3",
          "resolved": "https://registry.npmjs.org/through2/-/through2-0.2.3.tgz",
          "integrity": "sha1-6zKE2k6jEbbMis42U3SKUqvyWj8=",
          "requires": {
            "readable-stream": "1.1.14",
            "xtend": "2.1.2"
          },
          "dependencies": {
            "readable-stream": {
              "version": "1.1.14",
              "resolved": "https://registry.npmjs.org/readable-stream/-/readable-stream-1.1.14.tgz",
              "integrity": "sha1-fPTFTvZI44EwhMY23SB54WbAgdk=",
              "requires": {
                "core-util-is": "1.0.2",
                "inherits": "2.0.3",
                "isarray": "0.0.1",
                "string_decoder": "0.10.31"
              }
            }
          }
        },
        "xtend": {
          "version": "2.1.2",
          "resolved": "https://registry.npmjs.org/xtend/-/xtend-2.1.2.tgz",
          "integrity": "sha1-bv7MKk2tjmlixJAbM3znuoe10os=",
          "requires": {
            "object-keys": "0.4.0"
          }
        }
      }
    },
    "replace-in-file": {
      "version": "2.6.4",
      "resolved": "https://registry.npmjs.org/replace-in-file/-/replace-in-file-2.6.4.tgz",
      "integrity": "sha512-MMriy7P5/BB2f3Kp+qzSj3wrjde/5i9s9C80o2XHU3y0N1lKurMA7J4SN2UeKAWCk3/vEqSmI42vqRqH5Np9zg==",
      "requires": {
        "chalk": "2.4.0",
        "glob": "7.1.2",
        "yargs": "8.0.2"
      },
      "dependencies": {
        "ansi-regex": {
          "version": "2.1.1",
          "resolved": "https://registry.npmjs.org/ansi-regex/-/ansi-regex-2.1.1.tgz",
          "integrity": "sha1-w7M6te42DYbg5ijwRorn7yfWVN8="
        },
        "ansi-styles": {
          "version": "3.2.1",
          "resolved": "https://registry.npmjs.org/ansi-styles/-/ansi-styles-3.2.1.tgz",
          "integrity": "sha512-VT0ZI6kZRdTh8YyJw3SMbYm/u+NqfsAxEpWO0Pf9sq8/e94WxxOpPKx9FR1FlyCtOVDNOQ+8ntlqFxiRc+r5qA==",
          "requires": {
            "color-convert": "1.9.1"
          }
        },
        "balanced-match": {
          "version": "1.0.0",
          "resolved": "https://registry.npmjs.org/balanced-match/-/balanced-match-1.0.0.tgz",
          "integrity": "sha1-ibTRmasr7kneFk6gK4nORi1xt2c="
        },
        "brace-expansion": {
          "version": "1.1.11",
          "resolved": "https://registry.npmjs.org/brace-expansion/-/brace-expansion-1.1.11.tgz",
          "integrity": "sha512-iCuPHDFgrHX7H2vEI/5xpz07zSHB00TpugqhmYtVmMO6518mCuRMoOYFldEBl0g187ufozdaHgWKcYFb61qGiA==",
          "requires": {
            "balanced-match": "1.0.0",
            "concat-map": "0.0.1"
          }
        },
        "builtin-modules": {
          "version": "1.1.1",
          "resolved": "https://registry.npmjs.org/builtin-modules/-/builtin-modules-1.1.1.tgz",
          "integrity": "sha1-Jw8HbFpywC9bZaR9+Uxf46J4iS8="
        },
        "camelcase": {
          "version": "4.1.0",
          "resolved": "https://registry.npmjs.org/camelcase/-/camelcase-4.1.0.tgz",
          "integrity": "sha1-1UVjW+HjPFQmScaRc+Xeas+uNN0="
        },
        "chalk": {
          "version": "2.4.0",
          "resolved": "https://registry.npmjs.org/chalk/-/chalk-2.4.0.tgz",
          "integrity": "sha512-Wr/w0f4o9LuE7K53cD0qmbAMM+2XNLzR29vFn5hqko4sxGlUsyy363NvmyGIyk5tpe9cjTr9SJYbysEyPkRnFw==",
          "requires": {
            "ansi-styles": "3.2.1",
            "escape-string-regexp": "1.0.5",
            "supports-color": "5.4.0"
          }
        },
        "cliui": {
          "version": "3.2.0",
          "resolved": "https://registry.npmjs.org/cliui/-/cliui-3.2.0.tgz",
          "integrity": "sha1-EgYBU3qRbSmUD5NNo7SNWFo5IT0=",
          "requires": {
            "string-width": "1.0.2",
            "strip-ansi": "3.0.1",
            "wrap-ansi": "2.1.0"
          },
          "dependencies": {
            "string-width": {
              "version": "1.0.2",
              "resolved": "https://registry.npmjs.org/string-width/-/string-width-1.0.2.tgz",
              "integrity": "sha1-EYvfW4zcUaKn5w0hHgfisLmxB9M=",
              "requires": {
                "code-point-at": "1.1.0",
                "is-fullwidth-code-point": "1.0.0",
                "strip-ansi": "3.0.1"
              }
            }
          }
        },
        "code-point-at": {
          "version": "1.1.0",
          "resolved": "https://registry.npmjs.org/code-point-at/-/code-point-at-1.1.0.tgz",
          "integrity": "sha1-DQcLTQQ6W+ozovGkDi7bPZpMz3c="
        },
        "concat-map": {
          "version": "0.0.1",
          "resolved": "https://registry.npmjs.org/concat-map/-/concat-map-0.0.1.tgz",
          "integrity": "sha1-2Klr13/Wjfd5OnMDajug1UBdR3s="
        },
        "decamelize": {
          "version": "1.2.0",
          "resolved": "https://registry.npmjs.org/decamelize/-/decamelize-1.2.0.tgz",
          "integrity": "sha1-9lNNFRSCabIDUue+4m9QH5oZEpA="
        },
        "error-ex": {
          "version": "1.3.1",
          "resolved": "https://registry.npmjs.org/error-ex/-/error-ex-1.3.1.tgz",
          "integrity": "sha1-+FWobOYa3E6GIcPNoh56dhLDqNw=",
          "requires": {
            "is-arrayish": "0.2.1"
          }
        },
        "escape-string-regexp": {
          "version": "1.0.5",
          "resolved": "https://registry.npmjs.org/escape-string-regexp/-/escape-string-regexp-1.0.5.tgz",
          "integrity": "sha1-G2HAViGQqN/2rjuyzwIAyhMLhtQ="
        },
        "find-up": {
          "version": "2.1.0",
          "resolved": "https://registry.npmjs.org/find-up/-/find-up-2.1.0.tgz",
          "integrity": "sha1-RdG35QbHF93UgndaK3eSCjwMV6c=",
          "requires": {
            "locate-path": "2.0.0"
          }
        },
        "fs.realpath": {
          "version": "1.0.0",
          "resolved": "https://registry.npmjs.org/fs.realpath/-/fs.realpath-1.0.0.tgz",
          "integrity": "sha1-FQStJSMVjKpA20onh8sBQRmU6k8="
        },
        "get-caller-file": {
          "version": "1.0.2",
          "resolved": "https://registry.npmjs.org/get-caller-file/-/get-caller-file-1.0.2.tgz",
          "integrity": "sha1-9wLmMSfn4jHBYKgMFVSstw1QR+U="
        },
        "glob": {
          "version": "7.1.2",
          "resolved": "https://registry.npmjs.org/glob/-/glob-7.1.2.tgz",
          "integrity": "sha512-MJTUg1kjuLeQCJ+ccE4Vpa6kKVXkPYJ2mOCQyUuKLcLQsdrMCpBPUi8qVE6+YuaJkozeA9NusTAw3hLr8Xe5EQ==",
          "requires": {
            "fs.realpath": "1.0.0",
            "inflight": "1.0.6",
            "inherits": "2.0.3",
            "minimatch": "3.0.4",
            "once": "1.4.0",
            "path-is-absolute": "1.0.1"
          }
        },
        "graceful-fs": {
          "version": "4.1.11",
          "resolved": "https://registry.npmjs.org/graceful-fs/-/graceful-fs-4.1.11.tgz",
          "integrity": "sha1-Dovf5NHduIVNZOBOp8AOKgJuVlg="
        },
        "hosted-git-info": {
          "version": "2.6.0",
          "resolved": "https://registry.npmjs.org/hosted-git-info/-/hosted-git-info-2.6.0.tgz",
          "integrity": "sha512-lIbgIIQA3lz5XaB6vxakj6sDHADJiZadYEJB+FgA+C4nubM1NwcuvUr9EJPmnH1skZqpqUzWborWo8EIUi0Sdw=="
        },
        "inflight": {
          "version": "1.0.6",
          "resolved": "https://registry.npmjs.org/inflight/-/inflight-1.0.6.tgz",
          "integrity": "sha1-Sb1jMdfQLQwJvJEKEHW6gWW1bfk=",
          "requires": {
            "once": "1.4.0",
            "wrappy": "1.0.2"
          }
        },
        "inherits": {
          "version": "2.0.3",
          "resolved": "https://registry.npmjs.org/inherits/-/inherits-2.0.3.tgz",
          "integrity": "sha1-Yzwsg+PaQqUC9SRmAiSA9CCCYd4="
        },
        "invert-kv": {
          "version": "1.0.0",
          "resolved": "https://registry.npmjs.org/invert-kv/-/invert-kv-1.0.0.tgz",
          "integrity": "sha1-EEqOSqym09jNFXqO+L+rLXo//bY="
        },
        "is-arrayish": {
          "version": "0.2.1",
          "resolved": "https://registry.npmjs.org/is-arrayish/-/is-arrayish-0.2.1.tgz",
          "integrity": "sha1-d8mYQFJ6qOyxqLppe4BkWnqSap0="
        },
        "is-builtin-module": {
          "version": "1.0.0",
          "resolved": "https://registry.npmjs.org/is-builtin-module/-/is-builtin-module-1.0.0.tgz",
          "integrity": "sha1-VAVy0096wxGfj3bDDLwbHgN6/74=",
          "requires": {
            "builtin-modules": "1.1.1"
          }
        },
        "is-fullwidth-code-point": {
          "version": "1.0.0",
          "resolved": "https://registry.npmjs.org/is-fullwidth-code-point/-/is-fullwidth-code-point-1.0.0.tgz",
          "integrity": "sha1-754xOG8DGn8NZDr4L95QxFfvAMs=",
          "requires": {
            "number-is-nan": "1.0.1"
          }
        },
        "lcid": {
          "version": "1.0.0",
          "resolved": "https://registry.npmjs.org/lcid/-/lcid-1.0.0.tgz",
          "integrity": "sha1-MIrMr6C8SDo4Z7S28rlQYlHRuDU=",
          "requires": {
            "invert-kv": "1.0.0"
          }
        },
        "load-json-file": {
          "version": "2.0.0",
          "resolved": "https://registry.npmjs.org/load-json-file/-/load-json-file-2.0.0.tgz",
          "integrity": "sha1-eUfkIUmvgNaWy/eXvKq8/h/inKg=",
          "requires": {
            "graceful-fs": "4.1.11",
            "parse-json": "2.2.0",
            "pify": "2.3.0",
            "strip-bom": "3.0.0"
          }
        },
        "minimatch": {
          "version": "3.0.4",
          "resolved": "https://registry.npmjs.org/minimatch/-/minimatch-3.0.4.tgz",
          "integrity": "sha512-yJHVQEhyqPLUTgt9B83PXu6W3rx4MvvHvSUvToogpwoGDOUQ+yDrR0HRot+yOCdCO7u4hX3pWft6kWBBcqh0UA==",
          "requires": {
            "brace-expansion": "1.1.11"
          }
        },
        "normalize-package-data": {
          "version": "2.4.0",
          "resolved": "https://registry.npmjs.org/normalize-package-data/-/normalize-package-data-2.4.0.tgz",
          "integrity": "sha512-9jjUFbTPfEy3R/ad/2oNbKtW9Hgovl5O1FvFWKkKblNXoN/Oou6+9+KKohPK13Yc3/TyunyWhJp6gvRNR/PPAw==",
          "requires": {
            "hosted-git-info": "2.6.0",
            "is-builtin-module": "1.0.0",
            "semver": "5.5.0",
            "validate-npm-package-license": "3.0.3"
          }
        },
        "number-is-nan": {
          "version": "1.0.1",
          "resolved": "https://registry.npmjs.org/number-is-nan/-/number-is-nan-1.0.1.tgz",
          "integrity": "sha1-CXtgK1NCKlIsGvuHkDGDNpQaAR0="
        },
        "once": {
          "version": "1.4.0",
          "resolved": "https://registry.npmjs.org/once/-/once-1.4.0.tgz",
          "integrity": "sha1-WDsap3WWHUsROsF9nFC6753Xa9E=",
          "requires": {
            "wrappy": "1.0.2"
          }
        },
        "os-locale": {
          "version": "2.1.0",
          "resolved": "https://registry.npmjs.org/os-locale/-/os-locale-2.1.0.tgz",
          "integrity": "sha512-3sslG3zJbEYcaC4YVAvDorjGxc7tv6KVATnLPZONiljsUncvihe9BQoVCEs0RZ1kmf4Hk9OBqlZfJZWI4GanKA==",
          "requires": {
            "execa": "0.7.0",
            "lcid": "1.0.0",
            "mem": "1.1.0"
          }
        },
        "parse-json": {
          "version": "2.2.0",
          "resolved": "https://registry.npmjs.org/parse-json/-/parse-json-2.2.0.tgz",
          "integrity": "sha1-9ID0BDTvgHQfhGkJn43qGPVaTck=",
          "requires": {
            "error-ex": "1.3.1"
          }
        },
        "path-is-absolute": {
          "version": "1.0.1",
          "resolved": "https://registry.npmjs.org/path-is-absolute/-/path-is-absolute-1.0.1.tgz",
          "integrity": "sha1-F0uSaHNVNP+8es5r9TpanhtcX18="
        },
        "path-type": {
          "version": "2.0.0",
          "resolved": "https://registry.npmjs.org/path-type/-/path-type-2.0.0.tgz",
          "integrity": "sha1-8BLMuEFbcJb8LaoQVMPXI4lZTHM=",
          "requires": {
            "pify": "2.3.0"
          }
        },
        "pify": {
          "version": "2.3.0",
          "resolved": "https://registry.npmjs.org/pify/-/pify-2.3.0.tgz",
          "integrity": "sha1-7RQaasBDqEnqWISY59yosVMw6Qw="
        },
        "read-pkg": {
          "version": "2.0.0",
          "resolved": "https://registry.npmjs.org/read-pkg/-/read-pkg-2.0.0.tgz",
          "integrity": "sha1-jvHAYjxqbbDcZxPEv6xGMysjaPg=",
          "requires": {
            "load-json-file": "2.0.0",
            "normalize-package-data": "2.4.0",
            "path-type": "2.0.0"
          }
        },
        "read-pkg-up": {
          "version": "2.0.0",
          "resolved": "https://registry.npmjs.org/read-pkg-up/-/read-pkg-up-2.0.0.tgz",
          "integrity": "sha1-a3KoBImE4MQeeVEP1en6mbO1Sb4=",
          "requires": {
            "find-up": "2.1.0",
            "read-pkg": "2.0.0"
          }
        },
        "require-directory": {
          "version": "2.1.1",
          "resolved": "https://registry.npmjs.org/require-directory/-/require-directory-2.1.1.tgz",
          "integrity": "sha1-jGStX9MNqxyXbiNE/+f3kqam30I="
        },
        "require-main-filename": {
          "version": "1.0.1",
          "resolved": "https://registry.npmjs.org/require-main-filename/-/require-main-filename-1.0.1.tgz",
          "integrity": "sha1-l/cXtp1IeE9fUmpsWqj/3aBVpNE="
        },
        "semver": {
          "version": "5.5.0",
          "resolved": "https://registry.npmjs.org/semver/-/semver-5.5.0.tgz",
          "integrity": "sha512-4SJ3dm0WAwWy/NVeioZh5AntkdJoWKxHxcmyP622fOkgHa4z3R0TdBJICINyaSDE6uNwVc8gZr+ZinwZAH4xIA=="
        },
        "set-blocking": {
          "version": "2.0.0",
          "resolved": "https://registry.npmjs.org/set-blocking/-/set-blocking-2.0.0.tgz",
          "integrity": "sha1-BF+XgtARrppoA93TgrJDkrPYkPc="
        },
        "spdx-correct": {
          "version": "3.0.0",
          "resolved": "https://registry.npmjs.org/spdx-correct/-/spdx-correct-3.0.0.tgz",
          "integrity": "sha512-N19o9z5cEyc8yQQPukRCZ9EUmb4HUpnrmaL/fxS2pBo2jbfcFRVuFZ/oFC+vZz0MNNk0h80iMn5/S6qGZOL5+g==",
          "requires": {
            "spdx-expression-parse": "3.0.0",
            "spdx-license-ids": "3.0.0"
          }
        },
        "spdx-expression-parse": {
          "version": "3.0.0",
          "resolved": "https://registry.npmjs.org/spdx-expression-parse/-/spdx-expression-parse-3.0.0.tgz",
          "integrity": "sha512-Yg6D3XpRD4kkOmTpdgbUiEJFKghJH03fiC1OPll5h/0sO6neh2jqRDVHOQ4o/LMea0tgCkbMgea5ip/e+MkWyg==",
          "requires": {
            "spdx-exceptions": "2.1.0",
            "spdx-license-ids": "3.0.0"
          }
        },
        "spdx-license-ids": {
          "version": "3.0.0",
          "resolved": "https://registry.npmjs.org/spdx-license-ids/-/spdx-license-ids-3.0.0.tgz",
          "integrity": "sha512-2+EPwgbnmOIl8HjGBXXMd9NAu02vLjOO1nWw4kmeRDFyHn+M/ETfHxQUK0oXg8ctgVnl9t3rosNVsZ1jG61nDA=="
        },
        "string-width": {
          "version": "2.1.1",
          "resolved": "https://registry.npmjs.org/string-width/-/string-width-2.1.1.tgz",
          "integrity": "sha512-nOqH59deCq9SRHlxq1Aw85Jnt4w6KvLKqWVik6oA9ZklXLNIOlqg4F2yrT1MVaTjAqvVwdfeZ7w7aCvJD7ugkw==",
          "requires": {
            "is-fullwidth-code-point": "2.0.0",
            "strip-ansi": "4.0.0"
          },
          "dependencies": {
            "ansi-regex": {
              "version": "3.0.0",
              "resolved": "https://registry.npmjs.org/ansi-regex/-/ansi-regex-3.0.0.tgz",
              "integrity": "sha1-7QMXwyIGT3lGbAKWa922Bas32Zg="
            },
            "is-fullwidth-code-point": {
              "version": "2.0.0",
              "resolved": "https://registry.npmjs.org/is-fullwidth-code-point/-/is-fullwidth-code-point-2.0.0.tgz",
              "integrity": "sha1-o7MKXE8ZkYMWeqq5O+764937ZU8="
            },
            "strip-ansi": {
              "version": "4.0.0",
              "resolved": "https://registry.npmjs.org/strip-ansi/-/strip-ansi-4.0.0.tgz",
              "integrity": "sha1-qEeQIusaw2iocTibY1JixQXuNo8=",
              "requires": {
                "ansi-regex": "3.0.0"
              }
            }
          }
        },
        "strip-ansi": {
          "version": "3.0.1",
          "resolved": "https://registry.npmjs.org/strip-ansi/-/strip-ansi-3.0.1.tgz",
          "integrity": "sha1-ajhfuIU9lS1f8F0Oiq+UJ43GPc8=",
          "requires": {
            "ansi-regex": "2.1.1"
          }
        },
        "strip-bom": {
          "version": "3.0.0",
          "resolved": "https://registry.npmjs.org/strip-bom/-/strip-bom-3.0.0.tgz",
          "integrity": "sha1-IzTBjpx1n3vdVv3vfprj1YjmjtM="
        },
        "supports-color": {
          "version": "5.4.0",
          "resolved": "https://registry.npmjs.org/supports-color/-/supports-color-5.4.0.tgz",
          "integrity": "sha512-zjaXglF5nnWpsq470jSv6P9DwPvgLkuapYmfDm3JWOm0vkNTVF2tI4UrN2r6jH1qM/uc/WtxYY1hYoA2dOKj5w==",
          "requires": {
            "has-flag": "3.0.0"
          }
        },
        "validate-npm-package-license": {
          "version": "3.0.3",
          "resolved": "https://registry.npmjs.org/validate-npm-package-license/-/validate-npm-package-license-3.0.3.tgz",
          "integrity": "sha512-63ZOUnL4SIXj4L0NixR3L1lcjO38crAbgrTpl28t8jjrfuiOBL5Iygm+60qPs/KsZGzPNg6Smnc/oY16QTjF0g==",
          "requires": {
            "spdx-correct": "3.0.0",
            "spdx-expression-parse": "3.0.0"
          }
        },
        "which-module": {
          "version": "2.0.0",
          "resolved": "https://registry.npmjs.org/which-module/-/which-module-2.0.0.tgz",
          "integrity": "sha1-2e8H3Od7mQK4o6j6SzHD4/fm6Ho="
        },
        "wrap-ansi": {
          "version": "2.1.0",
          "resolved": "https://registry.npmjs.org/wrap-ansi/-/wrap-ansi-2.1.0.tgz",
          "integrity": "sha1-2Pw9KE3QV5T+hJc8rs3Rz4JP3YU=",
          "requires": {
            "string-width": "1.0.2",
            "strip-ansi": "3.0.1"
          },
          "dependencies": {
            "string-width": {
              "version": "1.0.2",
              "resolved": "https://registry.npmjs.org/string-width/-/string-width-1.0.2.tgz",
              "integrity": "sha1-EYvfW4zcUaKn5w0hHgfisLmxB9M=",
              "requires": {
                "code-point-at": "1.1.0",
                "is-fullwidth-code-point": "1.0.0",
                "strip-ansi": "3.0.1"
              }
            }
          }
        },
        "wrappy": {
          "version": "1.0.2",
          "resolved": "https://registry.npmjs.org/wrappy/-/wrappy-1.0.2.tgz",
          "integrity": "sha1-tSQ9jz7BqjXxNkYFvA0QNuMKtp8="
        },
        "y18n": {
          "version": "3.2.1",
          "resolved": "https://registry.npmjs.org/y18n/-/y18n-3.2.1.tgz",
          "integrity": "sha1-bRX7qITAhnnA136I53WegR4H+kE="
        },
        "yargs": {
          "version": "8.0.2",
          "resolved": "https://registry.npmjs.org/yargs/-/yargs-8.0.2.tgz",
          "integrity": "sha1-YpmpBVsc78lp/355wdkY3Osiw2A=",
          "requires": {
            "camelcase": "4.1.0",
            "cliui": "3.2.0",
            "decamelize": "1.2.0",
            "get-caller-file": "1.0.2",
            "os-locale": "2.1.0",
            "read-pkg-up": "2.0.0",
            "require-directory": "2.1.1",
            "require-main-filename": "1.0.1",
            "set-blocking": "2.0.0",
            "string-width": "2.1.1",
            "which-module": "2.0.0",
            "y18n": "3.2.1",
            "yargs-parser": "7.0.0"
          }
        },
        "yargs-parser": {
          "version": "7.0.0",
          "resolved": "https://registry.npmjs.org/yargs-parser/-/yargs-parser-7.0.0.tgz",
          "integrity": "sha1-jQrELxbqVd69MyyvTEA4s+P139k=",
          "requires": {
            "camelcase": "4.1.0"
          }
        }
      }
    },
    "select": {
      "version": "1.1.2",
      "resolved": "https://registry.npmjs.org/select/-/select-1.1.2.tgz",
      "integrity": "sha1-DnNQrN7ICxEIUoeG7B1EGNEbOW0=",
      "optional": true
    },
    "shebang-command": {
      "version": "1.2.0",
      "resolved": "https://registry.npmjs.org/shebang-command/-/shebang-command-1.2.0.tgz",
      "integrity": "sha1-RKrGW2lbAzmJaMOfNj/uXer98eo=",
      "requires": {
        "shebang-regex": "1.0.0"
      }
    },
    "shebang-regex": {
      "version": "1.0.0",
      "resolved": "https://registry.npmjs.org/shebang-regex/-/shebang-regex-1.0.0.tgz",
      "integrity": "sha1-2kL0l0DAtC2yypcoVxyxkMmO/qM="
    },
    "signal-exit": {
      "version": "3.0.2",
      "resolved": "https://registry.npmjs.org/signal-exit/-/signal-exit-3.0.2.tgz",
      "integrity": "sha1-tf3AjxKH6hF4Yo5BXiUTK3NkbG0="
    },
    "spdx-exceptions": {
      "version": "2.1.0",
      "resolved": "https://registry.npmjs.org/spdx-exceptions/-/spdx-exceptions-2.1.0.tgz",
      "integrity": "sha512-4K1NsmrlCU1JJgUrtgEeTVyfx8VaYea9J9LvARxhbHtVtohPs/gFGG5yy49beySjlIMhhXZ4QqujIZEfS4l6Cg=="
    },
    "strip-eof": {
      "version": "1.0.0",
      "resolved": "https://registry.npmjs.org/strip-eof/-/strip-eof-1.0.0.tgz",
      "integrity": "sha1-u0P/VZim6wXYm1n80SnJgzE2Br8="
    },
    "tiny-emitter": {
      "version": "2.0.2",
      "resolved": "https://registry.npmjs.org/tiny-emitter/-/tiny-emitter-2.0.2.tgz",
      "integrity": "sha512-2NM0auVBGft5tee/OxP4PI3d8WItkDM+fPnaRAVo6xTDI2knbz9eC5ArWGqtGlYqiH3RU5yMpdyTTO7MguC4ow==",
      "optional": true
    },
    "toml": {
      "version": "2.3.3",
      "resolved": "https://registry.npmjs.org/toml/-/toml-2.3.3.tgz",
      "integrity": "sha512-O7L5hhSQHxuufWUdcTRPfuTh3phKfAZ/dqfxZFoxPCj2RYmpaSGLEIs016FCXItQwNr08yefUB5TSjzRYnajTA=="
    },
    "which": {
      "version": "1.3.0",
      "resolved": "https://registry.npmjs.org/which/-/which-1.3.0.tgz",
      "integrity": "sha512-xcJpopdamTuY5duC/KnTTNBraPK54YwpenP4lzxU8H91GudWpFv38u0CKjclE1Wi2EH2EDz5LRcHcKbCIzqGyg==",
      "requires": {
        "isexe": "2.0.0"
      }
    },
    "yallist": {
      "version": "2.1.2",
      "resolved": "https://registry.npmjs.org/yallist/-/yallist-2.1.2.tgz",
      "integrity": "sha1-HBH5IY8HYImkfdUS+TxmmaaoHVI="
    }
  }
}
